// !$*UTF8*$!
{
	archiveVersion = 1;
	classes = {
	};
	objectVersion = 46;
	objects = {

/* Begin PBXBuildFile section */
		8389126A1F728FDB004E29F2 /* AppDelegate.swift in Sources */ = {isa = PBXBuildFile; fileRef = 838912691F728FDB004E29F2 /* AppDelegate.swift */; };
		8389126C1F728FDB004E29F2 /* ViewController.swift in Sources */ = {isa = PBXBuildFile; fileRef = 8389126B1F728FDB004E29F2 /* ViewController.swift */; };
		8389126F1F728FDB004E29F2 /* Main.storyboard in Resources */ = {isa = PBXBuildFile; fileRef = 8389126D1F728FDB004E29F2 /* Main.storyboard */; };
		838912711F728FDB004E29F2 /* Assets.xcassets in Resources */ = {isa = PBXBuildFile; fileRef = 838912701F728FDB004E29F2 /* Assets.xcassets */; };
		838912741F728FDB004E29F2 /* LaunchScreen.storyboard in Resources */ = {isa = PBXBuildFile; fileRef = 838912721F728FDB004E29F2 /* LaunchScreen.storyboard */; };
		8389127F1F728FDB004E29F2 /* AlertViewControllerWithImageTests.swift in Sources */ = {isa = PBXBuildFile; fileRef = 8389127E1F728FDB004E29F2 /* AlertViewControllerWithImageTests.swift */; };
		8389128A1F728FDB004E29F2 /* AlertViewControllerWithImageUITests.swift in Sources */ = {isa = PBXBuildFile; fileRef = 838912891F728FDB004E29F2 /* AlertViewControllerWithImageUITests.swift */; };
		838912981F729040004E29F2 /* UIImage+Resize.swift in Sources */ = {isa = PBXBuildFile; fileRef = 838912971F729040004E29F2 /* UIImage+Resize.swift */; };
		8389129B1F7292FC004E29F2 /* AlertController+Image.swift in Sources */ = {isa = PBXBuildFile; fileRef = 8389129A1F7292FC004E29F2 /* AlertController+Image.swift */; };
/* End PBXBuildFile section */

/* Begin PBXContainerItemProxy section */
		8389127B1F728FDB004E29F2 /* PBXContainerItemProxy */ = {
			isa = PBXContainerItemProxy;
			containerPortal = 8389125E1F728FDB004E29F2 /* Project object */;
			proxyType = 1;
			remoteGlobalIDString = 838912651F728FDB004E29F2;
			remoteInfo = AlertViewControllerWithImage;
		};
		838912861F728FDB004E29F2 /* PBXContainerItemProxy */ = {
			isa = PBXContainerItemProxy;
			containerPortal = 8389125E1F728FDB004E29F2 /* Project object */;
			proxyType = 1;
			remoteGlobalIDString = 838912651F728FDB004E29F2;
			remoteInfo = AlertViewControllerWithImage;
		};
/* End PBXContainerItemProxy section */

/* Begin PBXFileReference section */
		838912661F728FDB004E29F2 /* AlertViewControllerWithImage.app */ = {isa = PBXFileReference; explicitFileType = wrapper.application; includeInIndex = 0; path = AlertViewControllerWithImage.app; sourceTree = BUILT_PRODUCTS_DIR; };
		838912691F728FDB004E29F2 /* AppDelegate.swift */ = {isa = PBXFileReference; lastKnownFileType = sourcecode.swift; path = AppDelegate.swift; sourceTree = "<group>"; };
		8389126B1F728FDB004E29F2 /* ViewController.swift */ = {isa = PBXFileReference; lastKnownFileType = sourcecode.swift; path = ViewController.swift; sourceTree = "<group>"; };
		8389126E1F728FDB004E29F2 /* Base */ = {isa = PBXFileReference; lastKnownFileType = file.storyboard; name = Base; path = Base.lproj/Main.storyboard; sourceTree = "<group>"; };
		838912701F728FDB004E29F2 /* Assets.xcassets */ = {isa = PBXFileReference; lastKnownFileType = folder.assetcatalog; path = Assets.xcassets; sourceTree = "<group>"; };
		838912731F728FDB004E29F2 /* Base */ = {isa = PBXFileReference; lastKnownFileType = file.storyboard; name = Base; path = Base.lproj/LaunchScreen.storyboard; sourceTree = "<group>"; };
		838912751F728FDB004E29F2 /* Info.plist */ = {isa = PBXFileReference; lastKnownFileType = text.plist.xml; path = Info.plist; sourceTree = "<group>"; };
		8389127A1F728FDB004E29F2 /* AlertViewControllerWithImageTests.xctest */ = {isa = PBXFileReference; explicitFileType = wrapper.cfbundle; includeInIndex = 0; path = AlertViewControllerWithImageTests.xctest; sourceTree = BUILT_PRODUCTS_DIR; };
		8389127E1F728FDB004E29F2 /* AlertViewControllerWithImageTests.swift */ = {isa = PBXFileReference; lastKnownFileType = sourcecode.swift; path = AlertViewControllerWithImageTests.swift; sourceTree = "<group>"; };
		838912801F728FDB004E29F2 /* Info.plist */ = {isa = PBXFileReference; lastKnownFileType = text.plist.xml; path = Info.plist; sourceTree = "<group>"; };
		838912851F728FDB004E29F2 /* AlertViewControllerWithImageUITests.xctest */ = {isa = PBXFileReference; explicitFileType = wrapper.cfbundle; includeInIndex = 0; path = AlertViewControllerWithImageUITests.xctest; sourceTree = BUILT_PRODUCTS_DIR; };
		838912891F728FDB004E29F2 /* AlertViewControllerWithImageUITests.swift */ = {isa = PBXFileReference; lastKnownFileType = sourcecode.swift; path = AlertViewControllerWithImageUITests.swift; sourceTree = "<group>"; };
		8389128B1F728FDB004E29F2 /* Info.plist */ = {isa = PBXFileReference; lastKnownFileType = text.plist.xml; path = Info.plist; sourceTree = "<group>"; };
		838912971F729040004E29F2 /* UIImage+Resize.swift */ = {isa = PBXFileReference; fileEncoding = 4; lastKnownFileType = sourcecode.swift; name = "UIImage+Resize.swift"; path = "../UIImage+Resize.swift"; sourceTree = "<group>"; };
		8389129A1F7292FC004E29F2 /* AlertController+Image.swift */ = {isa = PBXFileReference; fileEncoding = 4; lastKnownFileType = sourcecode.swift; path = "AlertController+Image.swift"; sourceTree = "<group>"; };
/* End PBXFileReference section */

/* Begin PBXFrameworksBuildPhase section */
		838912631F728FDB004E29F2 /* Frameworks */ = {
			isa = PBXFrameworksBuildPhase;
			buildActionMask = 2147483647;
			files = (
			);
			runOnlyForDeploymentPostprocessing = 0;
		};
		838912771F728FDB004E29F2 /* Frameworks */ = {
			isa = PBXFrameworksBuildPhase;
			buildActionMask = 2147483647;
			files = (
			);
			runOnlyForDeploymentPostprocessing = 0;
		};
		838912821F728FDB004E29F2 /* Frameworks */ = {
			isa = PBXFrameworksBuildPhase;
			buildActionMask = 2147483647;
			files = (
			);
			runOnlyForDeploymentPostprocessing = 0;
		};
/* End PBXFrameworksBuildPhase section */

/* Begin PBXGroup section */
		8389125D1F728FDB004E29F2 = {
			isa = PBXGroup;
			children = (
				838912681F728FDB004E29F2 /* AlertViewControllerWithImage */,
				8389127D1F728FDB004E29F2 /* AlertViewControllerWithImageTests */,
				838912881F728FDB004E29F2 /* AlertViewControllerWithImageUITests */,
				838912671F728FDB004E29F2 /* Products */,
			);
			sourceTree = "<group>";
		};
		838912671F728FDB004E29F2 /* Products */ = {
			isa = PBXGroup;
			children = (
				838912661F728FDB004E29F2 /* AlertViewControllerWithImage.app */,
				8389127A1F728FDB004E29F2 /* AlertViewControllerWithImageTests.xctest */,
				838912851F728FDB004E29F2 /* AlertViewControllerWithImageUITests.xctest */,
			);
			name = Products;
			sourceTree = "<group>";
		};
		838912681F728FDB004E29F2 /* AlertViewControllerWithImage */ = {
			isa = PBXGroup;
			children = (
				838912991F7292E9004E29F2 /* Extensions */,
				838912691F728FDB004E29F2 /* AppDelegate.swift */,
				8389126B1F728FDB004E29F2 /* ViewController.swift */,
				8389126D1F728FDB004E29F2 /* Main.storyboard */,
				838912701F728FDB004E29F2 /* Assets.xcassets */,
				838912721F728FDB004E29F2 /* LaunchScreen.storyboard */,
				838912751F728FDB004E29F2 /* Info.plist */,
			);
			path = AlertViewControllerWithImage;
			sourceTree = "<group>";
		};
		8389127D1F728FDB004E29F2 /* AlertViewControllerWithImageTests */ = {
			isa = PBXGroup;
			children = (
				8389127E1F728FDB004E29F2 /* AlertViewControllerWithImageTests.swift */,
				838912801F728FDB004E29F2 /* Info.plist */,
			);
			path = AlertViewControllerWithImageTests;
			sourceTree = "<group>";
		};
		838912881F728FDB004E29F2 /* AlertViewControllerWithImageUITests */ = {
			isa = PBXGroup;
			children = (
				838912891F728FDB004E29F2 /* AlertViewControllerWithImageUITests.swift */,
				8389128B1F728FDB004E29F2 /* Info.plist */,
			);
			path = AlertViewControllerWithImageUITests;
			sourceTree = "<group>";
		};
		838912991F7292E9004E29F2 /* Extensions */ = {
			isa = PBXGroup;
			children = (
				838912971F729040004E29F2 /* UIImage+Resize.swift */,
				8389129A1F7292FC004E29F2 /* AlertController+Image.swift */,
			);
			path = Extensions;
			sourceTree = "<group>";
		};
/* End PBXGroup section */

/* Begin PBXNativeTarget section */
		838912651F728FDB004E29F2 /* AlertViewControllerWithImage */ = {
			isa = PBXNativeTarget;
			buildConfigurationList = 8389128E1F728FDB004E29F2 /* Build configuration list for PBXNativeTarget "AlertViewControllerWithImage" */;
			buildPhases = (
				838912621F728FDB004E29F2 /* Sources */,
				838912631F728FDB004E29F2 /* Frameworks */,
				838912641F728FDB004E29F2 /* Resources */,
			);
			buildRules = (
			);
			dependencies = (
			);
			name = AlertViewControllerWithImage;
			productName = AlertViewControllerWithImage;
			productReference = 838912661F728FDB004E29F2 /* AlertViewControllerWithImage.app */;
			productType = "com.apple.product-type.application";
		};
		838912791F728FDB004E29F2 /* AlertViewControllerWithImageTests */ = {
			isa = PBXNativeTarget;
			buildConfigurationList = 838912911F728FDB004E29F2 /* Build configuration list for PBXNativeTarget "AlertViewControllerWithImageTests" */;
			buildPhases = (
				838912761F728FDB004E29F2 /* Sources */,
				838912771F728FDB004E29F2 /* Frameworks */,
				838912781F728FDB004E29F2 /* Resources */,
			);
			buildRules = (
			);
			dependencies = (
				8389127C1F728FDB004E29F2 /* PBXTargetDependency */,
			);
			name = AlertViewControllerWithImageTests;
			productName = AlertViewControllerWithImageTests;
			productReference = 8389127A1F728FDB004E29F2 /* AlertViewControllerWithImageTests.xctest */;
			productType = "com.apple.product-type.bundle.unit-test";
		};
		838912841F728FDB004E29F2 /* AlertViewControllerWithImageUITests */ = {
			isa = PBXNativeTarget;
			buildConfigurationList = 838912941F728FDB004E29F2 /* Build configuration list for PBXNativeTarget "AlertViewControllerWithImageUITests" */;
			buildPhases = (
				838912811F728FDB004E29F2 /* Sources */,
				838912821F728FDB004E29F2 /* Frameworks */,
				838912831F728FDB004E29F2 /* Resources */,
			);
			buildRules = (
			);
			dependencies = (
				838912871F728FDB004E29F2 /* PBXTargetDependency */,
			);
			name = AlertViewControllerWithImageUITests;
			productName = AlertViewControllerWithImageUITests;
			productReference = 838912851F728FDB004E29F2 /* AlertViewControllerWithImageUITests.xctest */;
			productType = "com.apple.product-type.bundle.ui-testing";
		};
/* End PBXNativeTarget section */

/* Begin PBXProject section */
		8389125E1F728FDB004E29F2 /* Project object */ = {
			isa = PBXProject;
			attributes = {
				LastSwiftUpdateCheck = 0830;
				LastUpgradeCheck = 0830;
				ORGANIZATIONNAME = KelltontechSolutions;
				TargetAttributes = {
					838912651F728FDB004E29F2 = {
						CreatedOnToolsVersion = 8.3.3;
						ProvisioningStyle = Automatic;
					};
					838912791F728FDB004E29F2 = {
						CreatedOnToolsVersion = 8.3.3;
						ProvisioningStyle = Automatic;
						TestTargetID = 838912651F728FDB004E29F2;
					};
					838912841F728FDB004E29F2 = {
						CreatedOnToolsVersion = 8.3.3;
						ProvisioningStyle = Automatic;
						TestTargetID = 838912651F728FDB004E29F2;
					};
				};
			};
			buildConfigurationList = 838912611F728FDB004E29F2 /* Build configuration list for PBXProject "AlertViewControllerWithImage" */;
			compatibilityVersion = "Xcode 3.2";
			developmentRegion = English;
			hasScannedForEncodings = 0;
			knownRegions = (
				en,
				Base,
			);
			mainGroup = 8389125D1F728FDB004E29F2;
			productRefGroup = 838912671F728FDB004E29F2 /* Products */;
			projectDirPath = "";
			projectRoot = "";
			targets = (
				838912651F728FDB004E29F2 /* AlertViewControllerWithImage */,
				838912791F728FDB004E29F2 /* AlertViewControllerWithImageTests */,
				838912841F728FDB004E29F2 /* AlertViewControllerWithImageUITests */,
			);
		};
/* End PBXProject section */

/* Begin PBXResourcesBuildPhase section */
		838912641F728FDB004E29F2 /* Resources */ = {
			isa = PBXResourcesBuildPhase;
			buildActionMask = 2147483647;
			files = (
				838912741F728FDB004E29F2 /* LaunchScreen.storyboard in Resources */,
				838912711F728FDB004E29F2 /* Assets.xcassets in Resources */,
				8389126F1F728FDB004E29F2 /* Main.storyboard in Resources */,
			);
			runOnlyForDeploymentPostprocessing = 0;
		};
		838912781F728FDB004E29F2 /* Resources */ = {
			isa = PBXResourcesBuildPhase;
			buildActionMask = 2147483647;
			files = (
			);
			runOnlyForDeploymentPostprocessing = 0;
		};
		838912831F728FDB004E29F2 /* Resources */ = {
			isa = PBXResourcesBuildPhase;
			buildActionMask = 2147483647;
			files = (
			);
			runOnlyForDeploymentPostprocessing = 0;
		};
/* End PBXResourcesBuildPhase section */

/* Begin PBXSourcesBuildPhase section */
		838912621F728FDB004E29F2 /* Sources */ = {
			isa = PBXSourcesBuildPhase;
			buildActionMask = 2147483647;
			files = (
				8389126C1F728FDB004E29F2 /* ViewController.swift in Sources */,
				8389129B1F7292FC004E29F2 /* AlertController+Image.swift in Sources */,
				8389126A1F728FDB004E29F2 /* AppDelegate.swift in Sources */,
				838912981F729040004E29F2 /* UIImage+Resize.swift in Sources */,
			);
			runOnlyForDeploymentPostprocessing = 0;
		};
		838912761F728FDB004E29F2 /* Sources */ = {
			isa = PBXSourcesBuildPhase;
			buildActionMask = 2147483647;
			files = (
				8389127F1F728FDB004E29F2 /* AlertViewControllerWithImageTests.swift in Sources */,
			);
			runOnlyForDeploymentPostprocessing = 0;
		};
		838912811F728FDB004E29F2 /* Sources */ = {
			isa = PBXSourcesBuildPhase;
			buildActionMask = 2147483647;
			files = (
				8389128A1F728FDB004E29F2 /* AlertViewControllerWithImageUITests.swift in Sources */,
			);
			runOnlyForDeploymentPostprocessing = 0;
		};
/* End PBXSourcesBuildPhase section */

/* Begin PBXTargetDependency section */
		8389127C1F728FDB004E29F2 /* PBXTargetDependency */ = {
			isa = PBXTargetDependency;
			target = 838912651F728FDB004E29F2 /* AlertViewControllerWithImage */;
			targetProxy = 8389127B1F728FDB004E29F2 /* PBXContainerItemProxy */;
		};
		838912871F728FDB004E29F2 /* PBXTargetDependency */ = {
			isa = PBXTargetDependency;
			target = 838912651F728FDB004E29F2 /* AlertViewControllerWithImage */;
			targetProxy = 838912861F728FDB004E29F2 /* PBXContainerItemProxy */;
		};
/* End PBXTargetDependency section */

/* Begin PBXVariantGroup section */
		8389126D1F728FDB004E29F2 /* Main.storyboard */ = {
			isa = PBXVariantGroup;
			children = (
				8389126E1F728FDB004E29F2 /* Base */,
			);
			name = Main.storyboard;
			sourceTree = "<group>";
		};
		838912721F728FDB004E29F2 /* LaunchScreen.storyboard */ = {
			isa = PBXVariantGroup;
			children = (
				838912731F728FDB004E29F2 /* Base */,
			);
			name = LaunchScreen.storyboard;
			sourceTree = "<group>";
		};
/* End PBXVariantGroup section */

/* Begin XCBuildConfiguration section */
		8389128C1F728FDB004E29F2 /* Debug */ = {
			isa = XCBuildConfiguration;
			buildSettings = {
				ALWAYS_SEARCH_USER_PATHS = NO;
				CLANG_ANALYZER_NONNULL = YES;
				CLANG_ANALYZER_NUMBER_OBJECT_CONVERSION = YES_AGGRESSIVE;
				CLANG_CXX_LANGUAGE_STANDARD = "gnu++0x";
				CLANG_CXX_LIBRARY = "libc++";
				CLANG_ENABLE_MODULES = YES;
				CLANG_ENABLE_OBJC_ARC = YES;
				CLANG_WARN_BOOL_CONVERSION = YES;
				CLANG_WARN_CONSTANT_CONVERSION = YES;
				CLANG_WARN_DIRECT_OBJC_ISA_USAGE = YES_ERROR;
				CLANG_WARN_DOCUMENTATION_COMMENTS = YES;
				CLANG_WARN_EMPTY_BODY = YES;
				CLANG_WARN_ENUM_CONVERSION = YES;
				CLANG_WARN_INFINITE_RECURSION = YES;
				CLANG_WARN_INT_CONVERSION = YES;
				CLANG_WARN_OBJC_ROOT_CLASS = YES_ERROR;
				CLANG_WARN_SUSPICIOUS_MOVE = YES;
				CLANG_WARN_UNREACHABLE_CODE = YES;
				CLANG_WARN__DUPLICATE_METHOD_MATCH = YES;
				"CODE_SIGN_IDENTITY[sdk=iphoneos*]" = "iPhone Developer";
				COPY_PHASE_STRIP = NO;
				DEBUG_INFORMATION_FORMAT = dwarf;
				ENABLE_STRICT_OBJC_MSGSEND = YES;
				ENABLE_TESTABILITY = YES;
				GCC_C_LANGUAGE_STANDARD = gnu99;
				GCC_DYNAMIC_NO_PIC = NO;
				GCC_NO_COMMON_BLOCKS = YES;
				GCC_OPTIMIZATION_LEVEL = 0;
				GCC_PREPROCESSOR_DEFINITIONS = (
					"DEBUG=1",
					"$(inherited)",
				);
				GCC_WARN_64_TO_32_BIT_CONVERSION = YES;
				GCC_WARN_ABOUT_RETURN_TYPE = YES_ERROR;
				GCC_WARN_UNDECLARED_SELECTOR = YES;
				GCC_WARN_UNINITIALIZED_AUTOS = YES_AGGRESSIVE;
				GCC_WARN_UNUSED_FUNCTION = YES;
				GCC_WARN_UNUSED_VARIABLE = YES;
				IPHONEOS_DEPLOYMENT_TARGET = 10.3;
				MTL_ENABLE_DEBUG_INFO = YES;
				ONLY_ACTIVE_ARCH = YES;
				SDKROOT = iphoneos;
				SWIFT_ACTIVE_COMPILATION_CONDITIONS = DEBUG;
				SWIFT_OPTIMIZATION_LEVEL = "-Onone";
				TARGETED_DEVICE_FAMILY = "1,2";
			};
			name = Debug;
		};
		8389128D1F728FDB004E29F2 /* Release */ = {
			isa = XCBuildConfiguration;
			buildSettings = {
				ALWAYS_SEARCH_USER_PATHS = NO;
				CLANG_ANALYZER_NONNULL = YES;
				CLANG_ANALYZER_NUMBER_OBJECT_CONVERSION = YES_AGGRESSIVE;
				CLANG_CXX_LANGUAGE_STANDARD = "gnu++0x";
				CLANG_CXX_LIBRARY = "libc++";
				CLANG_ENABLE_MODULES = YES;
				CLANG_ENABLE_OBJC_ARC = YES;
				CLANG_WARN_BOOL_CONVERSION = YES;
				CLANG_WARN_CONSTANT_CONVERSION = YES;
				CLANG_WARN_DIRECT_OBJC_ISA_USAGE = YES_ERROR;
				CLANG_WARN_DOCUMENTATION_COMMENTS = YES;
				CLANG_WARN_EMPTY_BODY = YES;
				CLANG_WARN_ENUM_CONVERSION = YES;
				CLANG_WARN_INFINITE_RECURSION = YES;
				CLANG_WARN_INT_CONVERSION = YES;
				CLANG_WARN_OBJC_ROOT_CLASS = YES_ERROR;
				CLANG_WARN_SUSPICIOUS_MOVE = YES;
				CLANG_WARN_UNREACHABLE_CODE = YES;
				CLANG_WARN__DUPLICATE_METHOD_MATCH = YES;
				"CODE_SIGN_IDENTITY[sdk=iphoneos*]" = "iPhone Developer";
				COPY_PHASE_STRIP = NO;
				DEBUG_INFORMATION_FORMAT = "dwarf-with-dsym";
				ENABLE_NS_ASSERTIONS = NO;
				ENABLE_STRICT_OBJC_MSGSEND = YES;
				GCC_C_LANGUAGE_STANDARD = gnu99;
				GCC_NO_COMMON_BLOCKS = YES;
				GCC_WARN_64_TO_32_BIT_CONVERSION = YES;
				GCC_WARN_ABOUT_RETURN_TYPE = YES_ERROR;
				GCC_WARN_UNDECLARED_SELECTOR = YES;
				GCC_WARN_UNINITIALIZED_AUTOS = YES_AGGRESSIVE;
				GCC_WARN_UNUSED_FUNCTION = YES;
				GCC_WARN_UNUSED_VARIABLE = YES;
				IPHONEOS_DEPLOYMENT_TARGET = 10.3;
				MTL_ENABLE_DEBUG_INFO = NO;
				SDKROOT = iphoneos;
				SWIFT_OPTIMIZATION_LEVEL = "-Owholemodule";
				TARGETED_DEVICE_FAMILY = "1,2";
				VALIDATE_PRODUCT = YES;
			};
			name = Release;
		};
		8389128F1F728FDB004E29F2 /* Debug */ = {
			isa = XCBuildConfiguration;
			buildSettings = {
				ASSETCATALOG_COMPILER_APPICON_NAME = AppIcon;
				INFOPLIST_FILE = AlertViewControllerWithImage/Info.plist;
				LD_RUNPATH_SEARCH_PATHS = "$(inherited) @executable_path/Frameworks";
				PRODUCT_BUNDLE_IDENTIFIER = com.KelltontechSolutions.AlertViewControllerWithImage;
				PRODUCT_NAME = "$(TARGET_NAME)";
				SWIFT_VERSION = 3.0;
			};
			name = Debug;
		};
		838912901F728FDB004E29F2 /* Release */ = {
			isa = XCBuildConfiguration;
			buildSettings = {
				ASSETCATALOG_COMPILER_APPICON_NAME = AppIcon;
				INFOPLIST_FILE = AlertViewControllerWithImage/Info.plist;
				LD_RUNPATH_SEARCH_PATHS = "$(inherited) @executable_path/Frameworks";
				PRODUCT_BUNDLE_IDENTIFIER = com.KelltontechSolutions.AlertViewControllerWithImage;
				PRODUCT_NAME = "$(TARGET_NAME)";
				SWIFT_VERSION = 3.0;
			};
			name = Release;
		};
		838912921F728FDB004E29F2 /* Debug */ = {
			isa = XCBuildConfiguration;
			buildSettings = {
				ALWAYS_EMBED_SWIFT_STANDARD_LIBRARIES = YES;
				BUNDLE_LOADER = "$(TEST_HOST)";
				INFOPLIST_FILE = AlertViewControllerWithImageTests/Info.plist;
				LD_RUNPATH_SEARCH_PATHS = "$(inherited) @executable_path/Frameworks @loader_path/Frameworks";
				PRODUCT_BUNDLE_IDENTIFIER = com.KelltontechSolutions.AlertViewControllerWithImageTests;
				PRODUCT_NAME = "$(TARGET_NAME)";
				SWIFT_VERSION = 3.0;
				TEST_HOST = "$(BUILT_PRODUCTS_DIR)/AlertViewControllerWithImage.app/AlertViewControllerWithImage";
			};
			name = Debug;
		};
		838912931F728FDB004E29F2 /* Release */ = {
			isa = XCBuildConfiguration;
			buildSettings = {
				ALWAYS_EMBED_SWIFT_STANDARD_LIBRARIES = YES;
				BUNDLE_LOADER = "$(TEST_HOST)";
				INFOPLIST_FILE = AlertViewControllerWithImageTests/Info.plist;
				LD_RUNPATH_SEARCH_PATHS = "$(inherited) @executable_path/Frameworks @loader_path/Frameworks";
				PRODUCT_BUNDLE_IDENTIFIER = com.KelltontechSolutions.AlertViewControllerWithImageTests;
				PRODUCT_NAME = "$(TARGET_NAME)";
				SWIFT_VERSION = 3.0;
				TEST_HOST = "$(BUILT_PRODUCTS_DIR)/AlertViewControllerWithImage.app/AlertViewControllerWithImage";
			};
			name = Release;
		};
		838912951F728FDB004E29F2 /* Debug */ = {
			isa = XCBuildConfiguration;
			buildSettings = {
				ALWAYS_EMBED_SWIFT_STANDARD_LIBRARIES = YES;
				INFOPLIST_FILE = AlertViewControllerWithImageUITests/Info.plist;
				LD_RUNPATH_SEARCH_PATHS = "$(inherited) @executable_path/Frameworks @loader_path/Frameworks";
				PRODUCT_BUNDLE_IDENTIFIER = com.KelltontechSolutions.AlertViewControllerWithImageUITests;
				PRODUCT_NAME = "$(TARGET_NAME)";
				SWIFT_VERSION = 3.0;
				TEST_TARGET_NAME = AlertViewControllerWithImage;
			};
			name = Debug;
		};
		838912961F728FDB004E29F2 /* Release */ = {
			isa = XCBuildConfiguration;
			buildSettings = {
				ALWAYS_EMBED_SWIFT_STANDARD_LIBRARIES = YES;
				INFOPLIST_FILE = AlertViewControllerWithImageUITests/Info.plist;
				LD_RUNPATH_SEARCH_PATHS = "$(inherited) @executable_path/Frameworks @loader_path/Frameworks";
				PRODUCT_BUNDLE_IDENTIFIER = com.KelltontechSolutions.AlertViewControllerWithImageUITests;
				PRODUCT_NAME = "$(TARGET_NAME)";
				SWIFT_VERSION = 3.0;
				TEST_TARGET_NAME = AlertViewControllerWithImage;
			};
			name = Release;
		};
/* End XCBuildConfiguration section */

/* Begin XCConfigurationList section */
		838912611F728FDB004E29F2 /* Build configuration list for PBXProject "AlertViewControllerWithImage" */ = {
			isa = XCConfigurationList;
			buildConfigurations = (
				8389128C1F728FDB004E29F2 /* Debug */,
				8389128D1F728FDB004E29F2 /* Release */,
			);
			defaultConfigurationIsVisible = 0;
			defaultConfigurationName = Release;
		};
		8389128E1F728FDB004E29F2 /* Build configuration list for PBXNativeTarget "AlertViewControllerWithImage" */ = {
			isa = XCConfigurationList;
			buildConfigurations = (
				8389128F1F728FDB004E29F2 /* Debug */,
				838912901F728FDB004E29F2 /* Release */,
			);
			defaultConfigurationIsVisible = 0;
		};
		838912911F728FDB004E29F2 /* Build configuration list for PBXNativeTarget "AlertViewControllerWithImageTests" */ = {
			isa = XCConfigurationList;
			buildConfigurations = (
				838912921F728FDB004E29F2 /* Debug */,
				838912931F728FDB004E29F2 /* Release */,
			);
			defaultConfigurationIsVisible = 0;
		};
		838912941F728FDB004E29F2 /* Build configuration list for PBXNativeTarget "AlertViewControllerWithImageUITests" */ = {
			isa = XCConfigurationList;
			buildConfigurations = (
				838912951F728FDB004E29F2 /* Debug */,
				838912961F728FDB004E29F2 /* Release */,
			);
			defaultConfigurationIsVisible = 0;
		};
/* End XCConfigurationList section */
	};
	rootObject = 8389125E1F728FDB004E29F2 /* Project object */;
}
